
Microsoft Visual Studio Solution File, Format Version 12.00
# Visual Studio Version 16
VisualStudioVersion = 16.0.29424.173
MinimumVisualStudioVersion = 10.0.40219.1
Project("{FAE04EC0-301F-11D3-BF4B-00C04F79EFBC}") = "EnforcingPrivacyWithCryptography", "EnforcingPrivacyWithCryptography\EnforcingPrivacyWithCryptography.csproj", "{088BF076-F261-474F-8C68-19863195604C}"
EndProject
Global
	GlobalSection(SolutionConfigurationPlatforms) = preSolution
		Debug|Any CPU = Debug|Any CPU
		Release|Any CPU = Release|Any CPU
	EndGlobalSection
	GlobalSection(ProjectConfigurationPlatforms) = postSolution
		{088BF076-F261-474F-8C68-19863195604C}.Debug|Any CPU.ActiveCfg = Debug|Any CPU
		{088BF076-F261-474F-8C68-19863195604C}.Debug|Any CPU.Build.0 = Debug|Any CPU
		{088BF076-F261-474F-8C68-19863195604C}.Release|Any CPU.ActiveCfg = Release|Any CPU
		{088BF076-F261-474F-8C68-19863195604C}.Release|Any CPU.Build.0 = Release|Any CPU
	EndGlobalSection
	GlobalSection(SolutionProperties) = preSolution
		HideSolutionNode = FALSE
	EndGlobalSection
	GlobalSection(ExtensibilityGlobals) = postSolution
		SolutionGuid = {4759017B-89EA-44FF-AC7D-B87351385A0A}
	EndGlobalSection
EndGlobal
